<?xml version="1.0" encoding="UTF-8"?>
<CONFIG>
  <ProjectOptions>
    <Version Value="12"/>
    <PathDelim Value="\"/>
    <General>
      <Flags>
        <SaveClosedFiles Value="False"/>
        <SaveOnlyProjectUnits Value="True"/>
        <LRSInOutputDirectory Value="False"/>
        <CompatibilityMode Value="True"/>
      </Flags>
    </General>
    <BuildModes Count="1">
      <Item1 Name="default" Default="True"/>
    </BuildModes>
    <PublishOptions>
      <Version Value="2"/>
    </PublishOptions>
    <RunParams>
      <local>
        <LaunchingApplication PathPlusParams="/usr/X11R6/bin/xterm -T &apos;Lazarus Run Output&apos; -e $(LazarusDir)/tools/runwait.sh $(TargetCmdLine)"/>
      </local>
      <FormatVersion Value="2"/>
      <Modes Count="1">
        <Mode0 Name="default">
          <local>
            <LaunchingApplication PathPlusParams="/usr/X11R6/bin/xterm -T &apos;Lazarus Run Output&apos; -e $(LazarusDir)/tools/runwait.sh $(TargetCmdLine)"/>
          </local>
        </Mode0>
      </Modes>
    </RunParams>
    <RequiredPackages Count="3">
      <Item1>
        <PackageName Value="TurboPowerIPro"/>
      </Item1>
      <Item2>
        <PackageName Value="LCL"/>
      </Item2>
      <Item3>
        <PackageName Value="lazrichview"/>
      </Item3>
    </RequiredPackages>
    <Units Count="4">
      <Unit0>
        <Filename Value="RVDemo.lpr"/>
        <IsPartOfProject Value="True"/>
        <CursorPos X="15" Y="5"/>
        <UsageCount Value="30"/>
      </Unit0>
      <Unit1>
        <Filename Value="Unit1.pas"/>
        <IsPartOfProject Value="True"/>
        <ComponentName Value="Form1"/>
        <HasResources Value="True"/>
        <ResourceBaseClass Value="Form"/>
        <IsVisibleTab Value="True"/>
        <TopLine Value="958"/>
        <CursorPos X="41" Y="906"/>
        <UsageCount Value="30"/>
        <Loaded Value="True"/>
        <LoadedDesigner Value="True"/>
      </Unit1>
      <Unit2>
        <Filename Value="BackStyl.pas"/>
        <IsPartOfProject Value="True"/>
        <ComponentName Value="frmBackStyle"/>
        <HasResources Value="True"/>
        <ResourceBaseClass Value="Form"/>
        <EditorIndex Value="2"/>
        <CursorPos Y="7"/>
        <UsageCount Value="30"/>
        <Loaded Value="True"/>
      </Unit2>
      <Unit3>
        <Filename Value="PrintFrm.pas"/>
        <IsPartOfProject Value="True"/>
        <ComponentName Value="frmPrint"/>
        <HasResources Value="True"/>
        <ResourceBaseClass Value="Form"/>
        <EditorIndex Value="1"/>
        <CursorPos X="12" Y="15"/>
        <UsageCount Value="30"/>
        <Loaded Value="True"/>
        <LoadedDesigner Value="True"/>
      </Unit3>
    </Units>
  </ProjectOptions>
  <CompilerOptions>
    <Version Value="11"/>
    <PathDelim Value="\"/>
    <SearchPaths>
      <UnitOutputDirectory Value="lib"/>
    </SearchPaths>
    <Parsing>
      <SyntaxOptions>
        <UseAnsiStrings Value="False"/>
      </SyntaxOptions>
    </Parsing>
    <Linking>
      <Options>
        <Win32>
          <GraphicApplication Value="True"/>
        </Win32>
      </Options>
    </Linking>
  </CompilerOptions>
  <Debugging>
    <BreakPoints Count="2">
      <Item1>
        <Kind Value="bpkSource"/>
        <WatchScope Value="wpsLocal"/>
        <WatchKind Value="wpkWrite"/>
        <Source Value="BackStyl.pas"/>
        <Line Value="7"/>
      </Item1>
      <Item2>
        <Kind Value="bpkSource"/>
        <WatchScope Value="wpsLocal"/>
        <WatchKind Value="wpkWrite"/>
        <Source Value="Unit1.pas"/>
        <Line Value="848"/>
      </Item2>
    </BreakPoints>
    <Watches Count="5">
      <Item1>
        <Expression Value="FieldDef.FDataType"/>
        <Enabled Value="False"/>
      </Item1>
      <Item2>
        <Expression Value="FieldDef.FSize"/>
        <Enabled Value="False"/>
      </Item2>
      <Item3>
        <Expression Value="IsSeq"/>
        <Enabled Value="False"/>
      </Item3>
      <Item4>
        <Expression Value="TIBCURSOR(CURSOR).SQLDA^"/>
        <Enabled Value="False"/>
      </Item4>
      <Item5>
        <Expression Value="x"/>
      </Item5>
    </Watches>
  </Debugging>
</CONFIG>
