<?xml version="1.0" encoding="UTF-8"?>
<CONFIG>
  <ProjectOptions>
    <Version Value="12"/>
    <PathDelim Value="\"/>
    <General>
      <Flags>
        <CompatibilityMode Value="True"/>
      </Flags>
      <Title Value="PSDesigner"/>
      <ResourceType Value="res"/>
      <UseXPManifest Value="True"/>
      <Icon Value="0"/>
    </General>
    <i18n>
      <EnableI18N LFM="False"/>
    </i18n>
    <BuildModes Count="8" Active="Win32_Win_Release">
      <Item1 Name="Linux64_Gtk2_Debug" Default="True"/>
      <Item2 Name="Linux64_Gtk2_Release">
        <CompilerOptions>
          <Version Value="11"/>
          <PathDelim Value="\"/>
          <Target>
            <Filename Value="..\bin\$(TargetCPU)-$(TargetOS)-Release\PSDesigner_$(TargetCPU)-$(TargetOS)"/>
          </Target>
          <SearchPaths>
            <IncludeFiles Value="$(ProjOutDir)"/>
            <OtherUnitFiles Value="designer;editor\Imports;editor"/>
            <UnitOutputDirectory Value="..\lib\$(TargetCPU)-$(TargetOS)"/>
          </SearchPaths>
          <CodeGeneration>
            <TargetCPU Value="x86_64"/>
            <TargetOS Value="linux"/>
          </CodeGeneration>
          <Linking>
            <Debugging>
              <DebugInfoType Value="dsDwarf2Set"/>
            </Debugging>
          </Linking>
        </CompilerOptions>
      </Item2>
      <Item3 Name="Linux32_Gtk2_Debug">
        <CompilerOptions>
          <Version Value="11"/>
          <PathDelim Value="\"/>
          <Target>
            <Filename Value="..\bin\$(TargetCPU)-$(TargetOS)-Debug\PSDesigner_$(TargetCPU)-$(TargetOS)"/>
          </Target>
          <SearchPaths>
            <IncludeFiles Value="$(ProjOutDir)"/>
            <OtherUnitFiles Value="designer;editor\Imports;editor"/>
            <UnitOutputDirectory Value="..\lib\$(TargetCPU)-$(TargetOS)"/>
          </SearchPaths>
          <CodeGeneration>
            <TargetCPU Value="i386"/>
            <TargetOS Value="linux"/>
          </CodeGeneration>
          <Linking>
            <Debugging>
              <DebugInfoType Value="dsDwarf2Set"/>
            </Debugging>
          </Linking>
        </CompilerOptions>
      </Item3>
      <Item4 Name="Linux32_Gtk2_Release">
        <CompilerOptions>
          <Version Value="11"/>
          <PathDelim Value="\"/>
          <Target>
            <Filename Value="..\bin\$(TargetCPU)-$(TargetOS)-Release\PSDesigner_$(TargetCPU)-$(TargetOS)"/>
          </Target>
          <SearchPaths>
            <IncludeFiles Value="$(ProjOutDir)"/>
            <OtherUnitFiles Value="designer;editor\Imports;editor"/>
            <UnitOutputDirectory Value="..\lib\$(TargetCPU)-$(TargetOS)"/>
          </SearchPaths>
          <CodeGeneration>
            <TargetCPU Value="i386"/>
            <TargetOS Value="linux"/>
          </CodeGeneration>
          <Linking>
            <Debugging>
              <DebugInfoType Value="dsDwarf2Set"/>
            </Debugging>
          </Linking>
        </CompilerOptions>
      </Item4>
      <Item5 Name="Win64_Win_Debug">
        <CompilerOptions>
          <Version Value="11"/>
          <PathDelim Value="\"/>
          <Target>
            <Filename Value="..\bin\$(TargetCPU)-$(TargetOS)-Debug\PSDesigner_$(TargetCPU)-$(TargetOS)"/>
          </Target>
          <SearchPaths>
            <IncludeFiles Value="$(ProjOutDir)"/>
            <OtherUnitFiles Value="designer;editor\Imports;editor"/>
            <UnitOutputDirectory Value="..\lib\$(TargetCPU)-$(TargetOS)"/>
          </SearchPaths>
          <CodeGeneration>
            <TargetCPU Value="x86_64"/>
            <TargetOS Value="win64"/>
          </CodeGeneration>
          <Linking>
            <Debugging>
              <DebugInfoType Value="dsDwarf2Set"/>
            </Debugging>
            <Options>
              <Win32>
                <GraphicApplication Value="True"/>
              </Win32>
            </Options>
          </Linking>
        </CompilerOptions>
      </Item5>
      <Item6 Name="Win64_Win_Release">
        <CompilerOptions>
          <Version Value="11"/>
          <PathDelim Value="\"/>
          <Target>
            <Filename Value="..\bin\$(TargetCPU)-$(TargetOS)-Release\PSDesigner_$(TargetCPU)-$(TargetOS)"/>
          </Target>
          <SearchPaths>
            <IncludeFiles Value="$(ProjOutDir)"/>
            <OtherUnitFiles Value="designer;editor\Imports;editor"/>
            <UnitOutputDirectory Value="..\lib\$(TargetCPU)-$(TargetOS)"/>
          </SearchPaths>
          <CodeGeneration>
            <TargetCPU Value="x86_64"/>
            <TargetOS Value="win64"/>
          </CodeGeneration>
          <Linking>
            <Debugging>
              <DebugInfoType Value="dsDwarf2Set"/>
            </Debugging>
            <Options>
              <Win32>
                <GraphicApplication Value="True"/>
              </Win32>
            </Options>
          </Linking>
        </CompilerOptions>
      </Item6>
      <Item7 Name="Win32_Win_Debug">
        <CompilerOptions>
          <Version Value="11"/>
          <PathDelim Value="\"/>
          <Target>
            <Filename Value="..\bin\$(TargetCPU)-$(TargetOS)-Debug\PSDesigner_$(TargetCPU)-$(TargetOS)"/>
          </Target>
          <SearchPaths>
            <IncludeFiles Value="$(ProjOutDir)"/>
            <OtherUnitFiles Value="designer;editor\Imports;editor"/>
            <UnitOutputDirectory Value="..\lib\$(TargetCPU)-$(TargetOS)"/>
          </SearchPaths>
          <CodeGeneration>
            <TargetCPU Value="i386"/>
            <TargetOS Value="win32"/>
          </CodeGeneration>
          <Linking>
            <Debugging>
              <DebugInfoType Value="dsDwarf2Set"/>
            </Debugging>
            <Options>
              <Win32>
                <GraphicApplication Value="True"/>
              </Win32>
            </Options>
          </Linking>
        </CompilerOptions>
      </Item7>
      <Item8 Name="Win32_Win_Release">
        <CompilerOptions>
          <Version Value="11"/>
          <PathDelim Value="\"/>
          <Target>
            <Filename Value="..\bin\$(TargetCPU)-$(TargetOS)-Release\PSDesigner_$(TargetCPU)-$(TargetOS)"/>
          </Target>
          <SearchPaths>
            <IncludeFiles Value="$(ProjOutDir)"/>
            <OtherUnitFiles Value="designer;editor\Imports;editor"/>
            <UnitOutputDirectory Value="..\lib\$(TargetCPU)-$(TargetOS)"/>
          </SearchPaths>
          <CodeGeneration>
            <TargetCPU Value="i386"/>
            <TargetOS Value="win32"/>
          </CodeGeneration>
          <Linking>
            <Debugging>
              <DebugInfoType Value="dsDwarf2Set"/>
            </Debugging>
            <Options>
              <Win32>
                <GraphicApplication Value="True"/>
              </Win32>
            </Options>
          </Linking>
        </CompilerOptions>
      </Item8>
    </BuildModes>
    <PublishOptions>
      <Version Value="2"/>
    </PublishOptions>
    <RunParams>
      <FormatVersion Value="2"/>
      <Modes Count="1">
        <Mode0 Name="default"/>
      </Modes>
    </RunParams>
    <RequiredPackages Count="9">
      <Item1>
        <PackageName Value="pascalscriptfcl"/>
      </Item1>
      <Item2>
        <PackageName Value="cadsys"/>
      </Item2>
      <Item3>
        <PackageName Value="bgracontrols"/>
      </Item3>
      <Item4>
        <PackageName Value="Printer4Lazarus"/>
      </Item4>
      <Item5>
        <PackageName Value="SynEdit"/>
      </Item5>
      <Item6>
        <PackageName Value="pascalscript"/>
      </Item6>
      <Item7>
        <PackageName Value="RunTimeTypeInfoControls"/>
      </Item7>
      <Item8>
        <PackageName Value="jvRuntimeDesign"/>
        <MinVersion Valid="True"/>
      </Item8>
      <Item9>
        <PackageName Value="LCL"/>
      </Item9>
    </RequiredPackages>
    <Units Count="45">
      <Unit0>
        <Filename Value="PSDesigner.lpr"/>
        <IsPartOfProject Value="True"/>
        <CursorPos X="14" Y="9"/>
        <UsageCount Value="102"/>
        <Loaded Value="True"/>
      </Unit0>
      <Unit1>
        <Filename Value="designer\designer.pas"/>
        <IsPartOfProject Value="True"/>
        <ComponentName Value="MainForm"/>
        <HasResources Value="True"/>
        <ResourceBaseClass Value="Form"/>
        <IsVisibleTab Value="True"/>
        <EditorIndex Value="1"/>
        <CursorPos X="60" Y="13"/>
        <UsageCount Value="102"/>
        <Loaded Value="True"/>
        <LoadedDesigner Value="True"/>
      </Unit1>
      <Unit2>
        <Filename Value="..\..\jvdesignsurface.pas"/>
        <UnitName Value="JvDesignSurface"/>
        <EditorIndex Value="-1"/>
        <TopLine Value="642"/>
        <CursorPos X="40" Y="644"/>
        <UsageCount Value="88"/>
      </Unit2>
      <Unit3>
        <Filename Value="..\..\tp_register.pas"/>
        <CursorPos X="82" Y="19"/>
        <UsageCount Value="7"/>
      </Unit3>
      <Unit4>
        <Filename Value="..\..\jvresources.pas"/>
        <UnitName Value="JvResources"/>
        <TopLine Value="148"/>
        <CursorPos X="17" Y="164"/>
        <UsageCount Value="13"/>
      </Unit4>
      <Unit5>
        <Filename Value="..\..\..\codetools\laz2_xmlwrite.pas"/>
        <UnitName Value="laz2_XMLWrite"/>
        <TopLine Value="172"/>
        <CursorPos X="25" Y="187"/>
        <UsageCount Value="6"/>
      </Unit5>
      <Unit6>
        <Filename Value="..\..\..\..\fpc\2.4.3\source\rtl\win32\system.pp"/>
        <UnitName Value="System"/>
        <TopLine Value="51"/>
        <CursorPos X="3" Y="66"/>
        <UsageCount Value="11"/>
      </Unit6>
      <Unit7>
        <Filename Value="..\E:\sw\laz_jvdesigner\mainunit.pas"/>
        <ComponentName Value="Form1"/>
        <HasResources Value="True"/>
        <ResourceBaseClass Value="Form"/>
        <UnitName Value="mainUnit"/>
        <TopLine Value="106"/>
        <CursorPos Y="120"/>
        <UsageCount Value="6"/>
      </Unit7>
      <Unit8>
        <Filename Value="..\..\..\..\designer\controlselection.pp"/>
        <UnitName Value="ControlSelection"/>
        <TopLine Value="1252"/>
        <CursorPos X="3" Y="1257"/>
        <UsageCount Value="6"/>
      </Unit8>
      <Unit9>
        <Filename Value="..\..\..\..\lcl\include\wincontrol.inc"/>
        <TopLine Value="4691"/>
        <CursorPos Y="4707"/>
        <UsageCount Value="7"/>
      </Unit9>
      <Unit10>
        <Filename Value="..\..\..\..\lcl\controls.pp"/>
        <UnitName Value="Controls"/>
        <TopLine Value="1947"/>
        <CursorPos X="15" Y="1733"/>
        <UsageCount Value="6"/>
      </Unit10>
      <Unit11>
        <Filename Value="..\..\..\..\fpc\2.4.3\source\packages\fcl-db\src\dbase\dbf_idxfile.pas"/>
        <TopLine Value="1226"/>
        <CursorPos X="31" Y="1236"/>
        <UsageCount Value="6"/>
      </Unit11>
      <Unit12>
        <Filename Value="..\E:\sw\laz_jvdesigner\jvdesignutils.pas"/>
        <UnitName Value="JvDesignUtils"/>
        <TopLine Value="58"/>
        <CursorPos X="19"/>
        <UsageCount Value="8"/>
      </Unit12>
      <Unit13>
        <Filename Value="..\E:\sw\laz_jvdesigner\jvdesignimp.pas"/>
        <UnitName Value="JvDesignImp"/>
        <TopLine Value="1213"/>
        <CursorPos X="30" Y="1241"/>
        <UsageCount Value="8"/>
      </Unit13>
      <Unit14>
        <Filename Value="..\..\jvdesignimp.pas"/>
        <UnitName Value="JvDesignImp"/>
        <EditorIndex Value="-1"/>
        <TopLine Value="1298"/>
        <CursorPos Y="1481"/>
        <UsageCount Value="24"/>
        <Bookmarks Count="1">
          <Item0 X="23" Y="363" ID="1"/>
        </Bookmarks>
      </Unit14>
      <Unit15>
        <Filename Value="..\..\..\..\lcl\include\control.inc"/>
        <TopLine Value="1577"/>
        <CursorPos Y="1593"/>
        <UsageCount Value="10"/>
      </Unit15>
      <Unit16>
        <Filename Value="..\..\jvdesignutils.pas"/>
        <UnitName Value="JvDesignUtils"/>
        <EditorIndex Value="-1"/>
        <TopLine Value="7"/>
        <CursorPos X="19" Y="10"/>
        <UsageCount Value="13"/>
      </Unit16>
      <Unit17>
        <Filename Value="..\..\jvdesignclip.pas"/>
        <UnitName Value="JvDesignClip"/>
        <EditorIndex Value="-1"/>
        <TopLine Value="2"/>
        <CursorPos X="25" Y="2"/>
        <UsageCount Value="13"/>
      </Unit17>
      <Unit18>
        <Filename Value="..\..\jvconsts.pas"/>
        <UnitName Value="JvConsts"/>
        <EditorIndex Value="-1"/>
        <TopLine Value="162"/>
        <CursorPos X="90" Y="186"/>
        <UsageCount Value="8"/>
      </Unit18>
      <Unit19>
        <Filename Value="..\..\..\..\lcl\include\canvas.inc"/>
        <TopLine Value="387"/>
        <CursorPos Y="406"/>
        <UsageCount Value="7"/>
      </Unit19>
      <Unit20>
        <Filename Value="..\..\..\..\lcl\include\customcontrol.inc"/>
        <TopLine Value="107"/>
        <CursorPos Y="136"/>
        <UsageCount Value="7"/>
      </Unit20>
      <Unit21>
        <Filename Value="..\E:\sw\laz_designer\jvdesignsurface.pas"/>
        <TopLine Value="301"/>
        <CursorPos X="69" Y="312"/>
        <UsageCount Value="7"/>
      </Unit21>
      <Unit22>
        <Filename Value="..\..\..\..\..\..\Programme\Lazarus\2.2.6\lazarus\lcl\include\customform.inc"/>
        <EditorIndex Value="-1"/>
        <TopLine Value="193"/>
        <CursorPos X="42" Y="201"/>
        <UsageCount Value="14"/>
      </Unit22>
      <Unit23>
        <Filename Value="..\..\..\..\..\..\Programme\Lazarus\2.2.6\lazarus\lcl\include\wincontrol.inc"/>
        <EditorIndex Value="-1"/>
        <TopLine Value="5132"/>
        <CursorPos Y="5145"/>
        <UsageCount Value="14"/>
      </Unit23>
      <Unit24>
        <Filename Value="..\..\..\..\..\..\Programme\Lazarus\2.2.6\lazarus\components\ideintf\objectinspector.pp"/>
        <UnitName Value="ObjectInspector"/>
        <EditorIndex Value="-1"/>
        <TopLine Value="1314"/>
        <CursorPos Y="1331"/>
        <UsageCount Value="8"/>
      </Unit24>
      <Unit25>
        <Filename Value="..\..\..\..\..\..\Programme\Lazarus\2.2.6\lazarus\lcl\editbtn.pas"/>
        <UnitName Value="EditBtn"/>
        <EditorIndex Value="-1"/>
        <TopLine Value="1181"/>
        <CursorPos X="31" Y="1194"/>
        <UsageCount Value="11"/>
      </Unit25>
      <Unit26>
        <Filename Value="..\..\..\pascalscript\Source\uPSR_dll.pas"/>
        <EditorIndex Value="-1"/>
        <TopLine Value="163"/>
        <CursorPos X="38" Y="176"/>
        <UsageCount Value="8"/>
      </Unit26>
      <Unit27>
        <Filename Value="..\..\..\..\..\..\..\..\..\Programme\Lazarus_2.2.6_new\config_lazarus\onlinepackagemanager\packages\BGRAControls\bgradialogs.pas"/>
        <UnitName Value="BGRADialogs"/>
        <EditorIndex Value="4"/>
        <TopLine Value="402"/>
        <CursorPos X="7" Y="420"/>
        <UsageCount Value="11"/>
        <Loaded Value="True"/>
        <DefaultSyntaxHighlighter Value="Delphi"/>
      </Unit27>
      <Unit28>
        <Filename Value="editor\ide_editor.pas"/>
        <IsPartOfProject Value="True"/>
        <ComponentName Value="IDE"/>
        <HasResources Value="True"/>
        <ResourceBaseClass Value="Form"/>
        <EditorIndex Value="2"/>
        <TopLine Value="869"/>
        <CursorPos X="22" Y="876"/>
        <UsageCount Value="57"/>
        <Loaded Value="True"/>
        <LoadedDesigner Value="True"/>
      </Unit28>
      <Unit29>
        <Filename Value="..\editor\Imports\upsi_mathscriptinterface.pas"/>
        <UnitName Value="uPSI_MathScriptinterface"/>
        <EditorIndex Value="-1"/>
        <TopLine Value="49"/>
        <CursorPos X="70" Y="67"/>
        <UsageCount Value="25"/>
      </Unit29>
      <Unit30>
        <Filename Value="..\editor\Imports\upsi_cad2dscripinterface.pas"/>
        <EditorIndex Value="-1"/>
        <TopLine Value="27"/>
        <CursorPos X="36" Y="27"/>
        <UsageCount Value="24"/>
      </Unit30>
      <Unit31>
        <Filename Value="..\editor\Imports\mainscriptinterface.pas"/>
        <EditorIndex Value="-1"/>
        <TopLine Value="4"/>
        <CursorPos X="15" Y="14"/>
        <UsageCount Value="26"/>
      </Unit31>
      <Unit32>
        <Filename Value="..\..\..\..\LazCAD_git\LazCAD\src\components\PascalScript\Source\uPSCompiler.pas"/>
        <EditorIndex Value="-1"/>
        <TopLine Value="13550"/>
        <CursorPos Y="13568"/>
        <UsageCount Value="22"/>
      </Unit32>
      <Unit33>
        <Filename Value="..\editor\Imports\upsi_dialogsscriptinterface.pas"/>
        <UnitName Value="uPSI_DialogsScriptInterface"/>
        <EditorIndex Value="-1"/>
        <TopLine Value="187"/>
        <CursorPos X="52" Y="194"/>
        <UsageCount Value="22"/>
      </Unit33>
      <Unit34>
        <Filename Value="..\..\..\..\LazCAD_git\LazCAD\src\components\PascalScript\Source\uPSComponent.pas"/>
        <EditorIndex Value="-1"/>
        <TopLine Value="1442"/>
        <CursorPos X="68" Y="1448"/>
        <UsageCount Value="21"/>
      </Unit34>
      <Unit35>
        <Filename Value="..\..\..\..\..\..\..\..\..\Programme\Lazarus_2.2.6_new\lazarus\lcl\extdlgs.pas"/>
        <UnitName Value="ExtDlgs"/>
        <EditorIndex Value="-1"/>
        <TopLine Value="115"/>
        <CursorPos X="3" Y="132"/>
        <UsageCount Value="21"/>
      </Unit35>
      <Unit36>
        <Filename Value="..\editor\formcodegenerator.pas"/>
        <UnitName Value="FormCodeGenerator"/>
        <EditorIndex Value="-1"/>
        <TopLine Value="13"/>
        <CursorPos X="45" Y="13"/>
        <UsageCount Value="44"/>
      </Unit36>
      <Unit37>
        <Filename Value="..\..\..\..\..\..\..\..\..\Programme\Lazarus_2.2.6_new\lazarus\lcl\forms.pp"/>
        <UnitName Value="Forms"/>
        <EditorIndex Value="-1"/>
        <TopLine Value="1766"/>
        <CursorPos X="60" Y="1790"/>
        <UsageCount Value="20"/>
      </Unit37>
      <Unit38>
        <Filename Value="..\..\..\..\..\..\..\..\..\Programme\Lazarus_2.2.6_new\lazarus\components\ideintf\objectinspector.pp"/>
        <UnitName Value="ObjectInspector"/>
        <EditorIndex Value="-1"/>
        <TopLine Value="549"/>
        <CursorPos X="14" Y="564"/>
        <UsageCount Value="13"/>
      </Unit38>
      <Unit39>
        <Filename Value="..\..\..\..\LazCAD_git\LazCAD\src\components\PascalScript\Source\uPSDebugger.pas"/>
        <EditorIndex Value="-1"/>
        <TopLine Value="106"/>
        <CursorPos X="25" Y="106"/>
        <UsageCount Value="13"/>
      </Unit39>
      <Unit40>
        <Filename Value="..\..\..\..\LazCAD_git\LazCAD\src\components\PascalScript\Source\uPSUtils.pas"/>
        <EditorIndex Value="-1"/>
        <TopLine Value="915"/>
        <CursorPos Y="933"/>
        <UsageCount Value="12"/>
      </Unit40>
      <Unit41>
        <Filename Value="..\..\..\..\LazCAD_git\LazCAD\src\components\PascalScript\Source\x86.inc"/>
        <EditorIndex Value="-1"/>
        <UsageCount Value="10"/>
      </Unit41>
      <Unit42>
        <Filename Value="..\..\..\..\..\..\..\..\..\Programme\Lazarus_2.2.6_new\lazarus\components\PascalScript\Source\uPSDebugger.pas"/>
        <EditorIndex Value="-1"/>
        <TopLine Value="138"/>
        <CursorPos X="22" Y="141"/>
        <UsageCount Value="10"/>
      </Unit42>
      <Unit43>
        <Filename Value="..\..\..\..\..\..\..\..\..\Programme\Lazarus_2.2.6_new\lazarus\components\PascalScript\Source\uPSComponent.pas"/>
        <EditorIndex Value="-1"/>
        <TopLine Value="317"/>
        <CursorPos X="9" Y="332"/>
        <UsageCount Value="11"/>
      </Unit43>
      <Unit44>
        <Filename Value="..\..\..\PascalScript\Source\uPSCompiler.pas"/>
        <EditorIndex Value="3"/>
        <TopLine Value="13550"/>
        <CursorPos X="24" Y="13560"/>
        <UsageCount Value="11"/>
        <Loaded Value="True"/>
      </Unit44>
    </Units>
    <JumpHistory HistoryIndex="-1"/>
  </ProjectOptions>
  <CompilerOptions>
    <Version Value="11"/>
    <PathDelim Value="\"/>
    <Target>
      <Filename Value="..\bin\$(TargetCPU)-$(TargetOS)-Debug\PSDesigner_$(TargetCPU)-$(TargetOS)"/>
    </Target>
    <SearchPaths>
      <IncludeFiles Value="$(ProjOutDir)"/>
      <OtherUnitFiles Value="designer;editor\Imports;editor"/>
      <UnitOutputDirectory Value="..\lib\$(TargetCPU)-$(TargetOS)"/>
    </SearchPaths>
    <CodeGeneration>
      <TargetCPU Value="x86_64"/>
      <TargetOS Value="linux"/>
    </CodeGeneration>
    <Linking>
      <Debugging>
        <DebugInfoType Value="dsDwarf2Set"/>
      </Debugging>
    </Linking>
  </CompilerOptions>
  <Debugging>
    <Exceptions Count="5">
      <Item1>
        <Name Value="EAbort"/>
      </Item1>
      <Item2>
        <Name Value="ECodetoolError"/>
      </Item2>
      <Item3>
        <Name Value="EFOpenError"/>
      </Item3>
      <Item4>
        <Name Value="EAbstractError"/>
      </Item4>
      <Item5>
        <Name Value="RunError(211)"/>
      </Item5>
    </Exceptions>
  </Debugging>
</CONFIG>
