<?xml version="1.0" encoding="UTF-8"?>
<CONFIG>
  <ProjectOptions>
    <Version Value="12"/>
    <General>
      <Flags>
        <LRSInOutputDirectory Value="False"/>
        <CompatibilityMode Value="True"/>
      </Flags>
      <SessionStorage Value="InProjectDir"/>
      <Title Value="TurboBird"/>
      <Scaled Value="True"/>
      <ResourceType Value="res"/>
      <UseXPManifest Value="True"/>
      <Icon Value="0"/>
      <Resources Count="1">
        <Resource_0 FileName="resources/data.zip" Type="RCDATA" ResourceName="DATA"/>
      </Resources>
    </General>
    <VersionInfo>
      <AutoIncrementBuild Value="True"/>
      <MajorVersionNr Value="1"/>
      <MinorVersionNr Value="2"/>
      <RevisionNr Value="1"/>
      <BuildNr Value="1555"/>
      <StringTable ProductVersion="0.9"/>
    </VersionInfo>
    <BuildModes Count="8">
      <Item1 Name="x86_64-linux64-gtk2-debug" Default="True"/>
      <Item2 Name="x86_64-linux64-gtk2-release">
        <CompilerOptions>
          <Version Value="11"/>
          <Target>
            <Filename Value="../bin/${BuildMode}/TurboBird_${BuildMode}/TurboBird_${BuildMode}"/>
          </Target>
          <SearchPaths>
            <IncludeFiles Value="$(ProjOutDir)"/>
            <OtherUnitFiles Value="libs;getdeclarations;classes;deps;common;ui/about;ui/callprocedure;ui/copytable;ui/createdb;ui/createtrigger;ui/enterpassword;ui/importtable;ui/main;ui/newdomain;ui/newgenerator;ui/newtable;ui/querywindow;ui/registerdb;ui/systables;ui/tablemanage;ui/udfinfo;ui/viewdomain;ui/viewgenerator;ui/viewstoredprocedure;ui/viewtrigger;ui/viewview;ui/setfirebirdclient;ui/scriptdb;ui/sqlhistory;ui/update;ui/updatechecker;ui/userpermissions;ui/permissionmanage;ui/executer;ui/neweditfield;utils;ui/firebirdconfig;ui/calender;ui/backuprestore;ui/createuser;ui/changepassword;ui/dbinfo;ui/comparison;ui/newconstraint;ui/DBAdmin/dlg;datamodules;ui/openquerybuilder;ui/CheckDBIntegrity;ui/sqlmonitor;ui/edittabledata;utils/data_exporters;tests/arraytests"/>
            <UnitOutputDirectory Value="../bin/${BuildMode}/unitoutput"/>
          </SearchPaths>
          <Parsing>
            <SyntaxOptions>
              <IncludeAssertionCode Value="True"/>
            </SyntaxOptions>
          </Parsing>
          <CodeGeneration>
            <Checks>
              <IOChecks Value="True"/>
              <OverflowChecks Value="True"/>
              <StackChecks Value="True"/>
            </Checks>
            <TargetProcessor Value="COREI"/>
            <TargetCPU Value="x86_64"/>
            <TargetOS Value="linux"/>
            <Optimizations>
              <OptimizationLevel Value="4"/>
            </Optimizations>
            <SmallerCode Value="True"/>
          </CodeGeneration>
          <Linking>
            <Debugging>
              <GenerateDebugInfo Value="False"/>
              <DebugInfoType Value="dsDwarf2Set"/>
            </Debugging>
          </Linking>
          <Other>
            <ExecuteBefore>
              <Command Value="./gen_versions_scripts.sh"/>
              <CompileReasons Run="False"/>
            </ExecuteBefore>
            <ExecuteAfter>
              <Command Value="./choose_target_script.sh $(TargetFile)"/>
              <CompileReasons Run="False"/>
            </ExecuteAfter>
          </Other>
        </CompilerOptions>
      </Item2>
      <Item3 Name="i386_linux32-gtk-debug">
        <CompilerOptions>
          <Version Value="11"/>
          <Target>
            <Filename Value="../bin/${BuildMode}/TurboBird_${BuildMode}/TurboBird_${BuildMode}"/>
          </Target>
          <SearchPaths>
            <IncludeFiles Value="$(ProjOutDir)"/>
            <OtherUnitFiles Value="libs;getdeclarations;classes;deps;common;ui/about;ui/callprocedure;ui/copytable;ui/createdb;ui/createtrigger;ui/enterpassword;ui/importtable;ui/main;ui/newdomain;ui/newgenerator;ui/newtable;ui/querywindow;ui/registerdb;ui/systables;ui/tablemanage;ui/udfinfo;ui/viewdomain;ui/viewgenerator;ui/viewstoredprocedure;ui/viewtrigger;ui/viewview;ui/setfirebirdclient;ui/scriptdb;ui/sqlhistory;ui/update;ui/updatechecker;ui/userpermissions;ui/permissionmanage;ui/executer;ui/neweditfield;utils;ui/firebirdconfig;ui/calender;ui/backuprestore;ui/createuser;ui/changepassword;ui/dbinfo;ui/comparison;ui/newconstraint;ui/DBAdmin/dlg;datamodules;ui/openquerybuilder;ui/CheckDBIntegrity;ui/sqlmonitor;ui/edittabledata;utils/data_exporters;tests/arraytests"/>
            <UnitOutputDirectory Value="../bin/${BuildMode}/unitoutput"/>
          </SearchPaths>
          <Parsing>
            <SyntaxOptions>
              <IncludeAssertionCode Value="True"/>
            </SyntaxOptions>
          </Parsing>
          <CodeGeneration>
            <Checks>
              <IOChecks Value="True"/>
              <RangeChecks Value="True"/>
              <OverflowChecks Value="True"/>
              <StackChecks Value="True"/>
            </Checks>
            <TargetCPU Value="i386"/>
            <TargetOS Value="linux"/>
            <Optimizations>
              <OptimizationLevel Value="0"/>
            </Optimizations>
          </CodeGeneration>
          <Linking>
            <Debugging>
              <DebugInfoType Value="dsDwarf2"/>
              <UseHeaptrc Value="True"/>
            </Debugging>
          </Linking>
          <Other>
            <CustomOptions Value="-dDEBUG -O-1"/>
            <ExecuteBefore>
              <Command Value="./gen_versions_scripts.sh"/>
              <CompileReasons Run="False"/>
            </ExecuteBefore>
            <ExecuteAfter>
              <Command Value="./choose_target_script.sh $(TargetFile)"/>
              <CompileReasons Run="False"/>
            </ExecuteAfter>
          </Other>
        </CompilerOptions>
      </Item3>
      <Item4 Name="i386_linux32-gtk2-release">
        <CompilerOptions>
          <Version Value="11"/>
          <Target>
            <Filename Value="../bin/${BuildMode}/TurboBird_${BuildMode}/TurboBird_${BuildMode}"/>
          </Target>
          <SearchPaths>
            <IncludeFiles Value="$(ProjOutDir)"/>
            <OtherUnitFiles Value="libs;getdeclarations;classes;deps;common;ui/about;ui/callprocedure;ui/copytable;ui/createdb;ui/createtrigger;ui/enterpassword;ui/importtable;ui/main;ui/newdomain;ui/newgenerator;ui/newtable;ui/querywindow;ui/registerdb;ui/systables;ui/tablemanage;ui/udfinfo;ui/viewdomain;ui/viewgenerator;ui/viewstoredprocedure;ui/viewtrigger;ui/viewview;ui/setfirebirdclient;ui/scriptdb;ui/sqlhistory;ui/update;ui/updatechecker;ui/userpermissions;ui/permissionmanage;ui/executer;ui/neweditfield;utils;ui/firebirdconfig;ui/calender;ui/backuprestore;ui/createuser;ui/changepassword;ui/dbinfo;ui/comparison;ui/newconstraint;ui/DBAdmin/dlg;datamodules;ui/openquerybuilder;ui/CheckDBIntegrity;ui/sqlmonitor;ui/edittabledata;utils/data_exporters;tests/arraytests"/>
            <UnitOutputDirectory Value="../bin/${BuildMode}/unitoutput"/>
          </SearchPaths>
          <Parsing>
            <SyntaxOptions>
              <IncludeAssertionCode Value="True"/>
            </SyntaxOptions>
          </Parsing>
          <CodeGeneration>
            <Checks>
              <IOChecks Value="True"/>
              <RangeChecks Value="True"/>
              <OverflowChecks Value="True"/>
              <StackChecks Value="True"/>
            </Checks>
            <TargetProcessor Value="COREI"/>
            <TargetCPU Value="x86_64"/>
            <TargetOS Value="linux"/>
            <Optimizations>
              <OptimizationLevel Value="0"/>
            </Optimizations>
          </CodeGeneration>
          <Linking>
            <Debugging>
              <DebugInfoType Value="dsDwarf2Set"/>
            </Debugging>
          </Linking>
          <Other>
            <ExecuteBefore>
              <Command Value="./gen_versions_scripts.sh"/>
              <CompileReasons Run="False"/>
            </ExecuteBefore>
            <ExecuteAfter>
              <Command Value="./choose_target_script.sh $(TargetFile)"/>
              <CompileReasons Run="False"/>
            </ExecuteAfter>
          </Other>
        </CompilerOptions>
      </Item4>
      <Item5 Name="x86_64-win64-win-debug">
        <CompilerOptions>
          <Version Value="11"/>
          <Target>
            <Filename Value="../bin/${BuildMode}/TurboBird_${BuildMode}/TurboBird_${BuildMode}"/>
          </Target>
          <SearchPaths>
            <IncludeFiles Value="$(ProjOutDir)"/>
            <OtherUnitFiles Value="libs;getdeclarations;classes;deps;common;ui/about;ui/callprocedure;ui/copytable;ui/createdb;ui/createtrigger;ui/enterpassword;ui/importtable;ui/main;ui/newdomain;ui/newgenerator;ui/newtable;ui/querywindow;ui/registerdb;ui/systables;ui/tablemanage;ui/udfinfo;ui/viewdomain;ui/viewgenerator;ui/viewstoredprocedure;ui/viewtrigger;ui/viewview;ui/setfirebirdclient;ui/scriptdb;ui/sqlhistory;ui/update;ui/updatechecker;ui/userpermissions;ui/permissionmanage;ui/executer;ui/neweditfield;utils;ui/firebirdconfig;ui/calender;ui/backuprestore;ui/createuser;ui/changepassword;ui/dbinfo;ui/comparison;ui/newconstraint;ui/DBAdmin/dlg;datamodules;ui/openquerybuilder;ui/CheckDBIntegrity;ui/sqlmonitor;ui/edittabledata;utils/data_exporters;tests/arraytests"/>
            <UnitOutputDirectory Value="../bin/${BuildMode}/unitoutput"/>
          </SearchPaths>
          <Parsing>
            <SyntaxOptions>
              <IncludeAssertionCode Value="True"/>
            </SyntaxOptions>
          </Parsing>
          <CodeGeneration>
            <Checks>
              <IOChecks Value="True"/>
              <RangeChecks Value="True"/>
              <OverflowChecks Value="True"/>
              <StackChecks Value="True"/>
            </Checks>
            <TargetCPU Value="x86_64"/>
            <TargetOS Value="win64"/>
            <Optimizations>
              <OptimizationLevel Value="4"/>
            </Optimizations>
            <SmallerCode Value="True"/>
          </CodeGeneration>
          <Linking>
            <Debugging>
              <DebugInfoType Value="dsDwarf2Set"/>
              <UseHeaptrc Value="True"/>
            </Debugging>
            <Options>
              <Win32>
                <GraphicApplication Value="True"/>
              </Win32>
            </Options>
          </Linking>
          <Other>
            <CustomOptions Value="-dDEBUG -O-1"/>
            <ExecuteBefore>
              <Command Value="./gen_versions_scripts.sh"/>
              <CompileReasons Run="False"/>
            </ExecuteBefore>
            <ExecuteAfter>
              <Command Value="./choose_target_script.sh $(TargetFile)"/>
              <CompileReasons Run="False"/>
            </ExecuteAfter>
          </Other>
        </CompilerOptions>
      </Item5>
      <Item6 Name="x86_64-win64-win-release">
        <CompilerOptions>
          <Version Value="11"/>
          <Target>
            <Filename Value="../bin/${BuildMode}/TurboBird_${BuildMode}/TurboBird_${BuildMode}"/>
          </Target>
          <SearchPaths>
            <IncludeFiles Value="$(ProjOutDir)"/>
            <OtherUnitFiles Value="libs;getdeclarations;classes;deps;common;ui/about;ui/callprocedure;ui/copytable;ui/createdb;ui/createtrigger;ui/enterpassword;ui/importtable;ui/main;ui/newdomain;ui/newgenerator;ui/newtable;ui/querywindow;ui/registerdb;ui/systables;ui/tablemanage;ui/udfinfo;ui/viewdomain;ui/viewgenerator;ui/viewstoredprocedure;ui/viewtrigger;ui/viewview;ui/setfirebirdclient;ui/scriptdb;ui/sqlhistory;ui/update;ui/updatechecker;ui/userpermissions;ui/permissionmanage;ui/executer;ui/neweditfield;utils;ui/firebirdconfig;ui/calender;ui/backuprestore;ui/createuser;ui/changepassword;ui/dbinfo;ui/comparison;ui/newconstraint;ui/DBAdmin/dlg;datamodules;ui/openquerybuilder;ui/CheckDBIntegrity;ui/sqlmonitor;ui/edittabledata;utils/data_exporters;tests/arraytests"/>
            <UnitOutputDirectory Value="../bin/${BuildMode}/unitoutput"/>
          </SearchPaths>
          <Parsing>
            <SyntaxOptions>
              <IncludeAssertionCode Value="True"/>
            </SyntaxOptions>
          </Parsing>
          <CodeGeneration>
            <Checks>
              <IOChecks Value="True"/>
              <RangeChecks Value="True"/>
              <OverflowChecks Value="True"/>
              <StackChecks Value="True"/>
            </Checks>
            <TargetCPU Value="x86_64"/>
            <TargetOS Value="win64"/>
            <Optimizations>
              <OptimizationLevel Value="4"/>
            </Optimizations>
            <SmallerCode Value="True"/>
          </CodeGeneration>
          <Linking>
            <Debugging>
              <GenerateDebugInfo Value="False"/>
              <DebugInfoType Value="dsDwarf2Set"/>
            </Debugging>
            <Options>
              <Win32>
                <GraphicApplication Value="True"/>
              </Win32>
            </Options>
          </Linking>
          <Other>
            <ExecuteBefore>
              <Command Value="./gen_versions_scripts.sh"/>
              <CompileReasons Run="False"/>
            </ExecuteBefore>
            <ExecuteAfter>
              <Command Value="./choose_target_script.sh $(TargetFile)"/>
              <CompileReasons Run="False"/>
            </ExecuteAfter>
          </Other>
        </CompilerOptions>
      </Item6>
      <Item7 Name="i386_Win32-win-debug">
        <CompilerOptions>
          <Version Value="11"/>
          <Target>
            <Filename Value="../bin/${BuildMode}/TurboBird_${BuildMode}/TurboBird_${BuildMode}"/>
          </Target>
          <SearchPaths>
            <IncludeFiles Value="$(ProjOutDir)"/>
            <OtherUnitFiles Value="libs;getdeclarations;classes;deps;common;ui/about;ui/callprocedure;ui/copytable;ui/createdb;ui/createtrigger;ui/enterpassword;ui/importtable;ui/main;ui/newdomain;ui/newgenerator;ui/newtable;ui/querywindow;ui/registerdb;ui/systables;ui/tablemanage;ui/udfinfo;ui/viewdomain;ui/viewgenerator;ui/viewstoredprocedure;ui/viewtrigger;ui/viewview;ui/setfirebirdclient;ui/scriptdb;ui/sqlhistory;ui/update;ui/updatechecker;ui/userpermissions;ui/permissionmanage;ui/executer;ui/neweditfield;utils;ui/firebirdconfig;ui/calender;ui/backuprestore;ui/createuser;ui/changepassword;ui/dbinfo;ui/comparison;ui/newconstraint;ui/DBAdmin/dlg;datamodules;ui/openquerybuilder;ui/CheckDBIntegrity;ui/sqlmonitor;ui/edittabledata;utils/data_exporters;tests/arraytests"/>
            <UnitOutputDirectory Value="../bin/${BuildMode}/unitoutput"/>
          </SearchPaths>
          <Parsing>
            <SyntaxOptions>
              <IncludeAssertionCode Value="True"/>
            </SyntaxOptions>
          </Parsing>
          <CodeGeneration>
            <Checks>
              <IOChecks Value="True"/>
              <RangeChecks Value="True"/>
              <OverflowChecks Value="True"/>
              <StackChecks Value="True"/>
            </Checks>
            <TargetCPU Value="i386"/>
            <TargetOS Value="win32"/>
            <Optimizations>
              <OptimizationLevel Value="0"/>
            </Optimizations>
          </CodeGeneration>
          <Linking>
            <Debugging>
              <DebugInfoType Value="dsDwarf2Set"/>
              <UseHeaptrc Value="True"/>
            </Debugging>
            <Options>
              <Win32>
                <GraphicApplication Value="True"/>
              </Win32>
            </Options>
          </Linking>
          <Other>
            <CustomOptions Value="-dDEBUG -O-1"/>
            <ExecuteBefore>
              <Command Value="./gen_versions_scripts.sh"/>
              <CompileReasons Run="False"/>
            </ExecuteBefore>
            <ExecuteAfter>
              <Command Value="./choose_target_script.sh $(TargetFile)"/>
              <CompileReasons Run="False"/>
            </ExecuteAfter>
          </Other>
        </CompilerOptions>
      </Item7>
      <Item8 Name="i386_Win32-win-release">
        <CompilerOptions>
          <Version Value="11"/>
          <Target>
            <Filename Value="../bin/${BuildMode}/TurboBird_${BuildMode}/TurboBird_${BuildMode}"/>
          </Target>
          <SearchPaths>
            <IncludeFiles Value="$(ProjOutDir)"/>
            <OtherUnitFiles Value="libs;getdeclarations;classes;deps;common;ui/about;ui/callprocedure;ui/copytable;ui/createdb;ui/createtrigger;ui/enterpassword;ui/importtable;ui/main;ui/newdomain;ui/newgenerator;ui/newtable;ui/querywindow;ui/registerdb;ui/systables;ui/tablemanage;ui/udfinfo;ui/viewdomain;ui/viewgenerator;ui/viewstoredprocedure;ui/viewtrigger;ui/viewview;ui/setfirebirdclient;ui/scriptdb;ui/sqlhistory;ui/update;ui/updatechecker;ui/userpermissions;ui/permissionmanage;ui/executer;ui/neweditfield;utils;ui/firebirdconfig;ui/calender;ui/backuprestore;ui/createuser;ui/changepassword;ui/dbinfo;ui/comparison;ui/newconstraint;ui/DBAdmin/dlg;datamodules;ui/openquerybuilder;ui/CheckDBIntegrity;ui/sqlmonitor;ui/edittabledata;utils/data_exporters;tests/arraytests"/>
            <UnitOutputDirectory Value="../bin/${BuildMode}/unitoutput"/>
          </SearchPaths>
          <Parsing>
            <SyntaxOptions>
              <IncludeAssertionCode Value="True"/>
            </SyntaxOptions>
          </Parsing>
          <CodeGeneration>
            <SmartLinkUnit Value="True"/>
            <Checks>
              <IOChecks Value="True"/>
              <RangeChecks Value="True"/>
              <OverflowChecks Value="True"/>
              <StackChecks Value="True"/>
            </Checks>
            <TargetCPU Value="i386"/>
            <TargetOS Value="win32"/>
            <Optimizations>
              <OptimizationLevel Value="4"/>
            </Optimizations>
            <SmallerCode Value="True"/>
          </CodeGeneration>
          <Linking>
            <Debugging>
              <DebugInfoType Value="dsDwarf2Set"/>
            </Debugging>
            <LinkSmart Value="True"/>
            <Options>
              <PassLinkerOptions Value="True"/>
              <Win32>
                <GraphicApplication Value="True"/>
              </Win32>
            </Options>
          </Linking>
          <Other>
            <ExecuteBefore>
              <Command Value="./gen_versions_scripts.sh"/>
              <CompileReasons Run="False"/>
            </ExecuteBefore>
            <ExecuteAfter>
              <Command Value="./choose_target_script.sh $(TargetFile)"/>
              <CompileReasons Run="False"/>
            </ExecuteAfter>
          </Other>
        </CompilerOptions>
      </Item8>
      <SharedMatrixOptions Count="1">
        <Item1 ID="844124804436" Type="IDEMacro" MacroName="LCLWidgetType" Value="gtk2"/>
      </SharedMatrixOptions>
    </BuildModes>
    <PublishOptions>
      <Version Value="2"/>
      <OpenInFileMan Value="True"/>
    </PublishOptions>
    <RunParams>
      <local>
        <CommandLineParams Value="--debug-log=log.txt"/>
        <LaunchingApplication PathPlusParams="/usr/X11R6/bin/xterm -T &apos;Lazarus Run Output&apos; -e $(LazarusDir)/tools/runwait.sh $(TargetCmdLine)"/>
      </local>
      <FormatVersion Value="2"/>
      <Modes Count="1">
        <Mode0 Name="default">
          <local>
            <CommandLineParams Value="--debug-log=log.txt"/>
            <LaunchingApplication PathPlusParams="/usr/X11R6/bin/xterm -T &apos;Lazarus Run Output&apos; -e $(LazarusDir)/tools/runwait.sh $(TargetCmdLine)"/>
          </local>
        </Mode0>
      </Modes>
    </RunParams>
    <RequiredPackages Count="21">
      <Item1>
        <PackageName Value="lazreport"/>
      </Item1>
      <Item2>
        <PackageName Value="GridPrinterPkg"/>
      </Item2>
      <Item3>
        <PackageName Value="zcomponent"/>
      </Item3>
      <Item4>
        <PackageName Value="lazdbexport"/>
      </Item4>
      <Item5>
        <PackageName Value="RunTimeTypeInfoControls"/>
      </Item5>
      <Item6>
        <PackageName Value="DateTimeCtrls"/>
      </Item6>
      <Item7>
        <PackageName Value="iblocalnongui"/>
      </Item7>
      <Item8>
        <PackageName Value="ibLegacyServices"/>
      </Item8>
      <Item9>
        <PackageName Value="ibexpressconsolemode"/>
      </Item9>
      <Item10>
        <PackageName Value="ibnongui"/>
      </Item10>
      <Item11>
        <PackageName Value="dclibx"/>
      </Item11>
      <Item12>
        <PackageName Value="iblocaldb"/>
      </Item12>
      <Item13>
        <PackageName Value="ibcontrols"/>
      </Item13>
      <Item14>
        <PackageName Value="ibexpress"/>
      </Item14>
      <Item15>
        <PackageName Value="Abbrevia"/>
      </Item15>
      <Item16>
        <PackageName Value="SQLDBExt"/>
      </Item16>
      <Item17>
        <PackageName Value="MemDSLaz"/>
      </Item17>
      <Item18>
        <PackageName Value="SQLDBLaz"/>
      </Item18>
      <Item19>
        <PackageName Value="SynEdit"/>
        <MinVersion Major="1" Valid="True"/>
      </Item19>
      <Item20>
        <PackageName Value="FCL"/>
        <MinVersion Major="1" Valid="True"/>
      </Item20>
      <Item21>
        <PackageName Value="LCL"/>
      </Item21>
    </RequiredPackages>
    <Units Count="85">
      <Unit0>
        <Filename Value="TurboBird.lpr"/>
        <IsPartOfProject Value="True"/>
      </Unit0>
      <Unit1>
        <Filename Value="turbocommon.inc"/>
        <IsPartOfProject Value="True"/>
      </Unit1>
      <Unit2>
        <Filename Value="getdeclarations/udb_udr_func_fetcher.pas"/>
        <IsPartOfProject Value="True"/>
      </Unit2>
      <Unit3>
        <Filename Value="getdeclarations/udb_firebird_struct_helper.pas"/>
        <IsPartOfProject Value="True"/>
      </Unit3>
      <Unit4>
        <Filename Value="getdeclarations/udb_udf_fetcher.pas"/>
        <IsPartOfProject Value="True"/>
      </Unit4>
      <Unit5>
        <Filename Value="getdeclarations/udb_udr_proc_fetcher.pas"/>
        <IsPartOfProject Value="True"/>
      </Unit5>
      <Unit6>
        <Filename Value="getdeclarations/udb_firebird_func_fetcher.pas"/>
        <IsPartOfProject Value="True"/>
      </Unit6>
      <Unit7>
        <Filename Value="getdeclarations/udb_firebird_proc_fetcher.pas"/>
        <IsPartOfProject Value="True"/>
      </Unit7>
      <Unit8>
        <Filename Value="getdeclarations/udb_package_fetcher.pas"/>
        <IsPartOfProject Value="True"/>
      </Unit8>
      <Unit9>
        <Filename Value="getdeclarations/udb_package_firebird_func_fetcher.pas"/>
        <IsPartOfProject Value="True"/>
      </Unit9>
      <Unit10>
        <Filename Value="getdeclarations/udb_package_firebird_proc_fetcher.pas"/>
        <IsPartOfProject Value="True"/>
      </Unit10>
      <Unit11>
        <Filename Value="getdeclarations/udb_package_udr_func_fetcher.pas"/>
        <IsPartOfProject Value="True"/>
      </Unit11>
      <Unit12>
        <Filename Value="getdeclarations/fetch_package.pas"/>
        <IsPartOfProject Value="True"/>
      </Unit12>
      <Unit13>
        <Filename Value="getdeclarations/udb_package_udr_proc_fetcher.pas"/>
        <IsPartOfProject Value="True"/>
      </Unit13>
      <Unit14>
        <Filename Value="classes/cdbroutine.pas"/>
        <IsPartOfProject Value="True"/>
        <UnitName Value="cDBRoutine"/>
      </Unit14>
      <Unit15>
        <Filename Value="classes/cdbobject.pas"/>
        <IsPartOfProject Value="True"/>
        <UnitName Value="cDBObject"/>
      </Unit15>
      <Unit16>
        <Filename Value="classes/cdbfbfunction.pas"/>
        <IsPartOfProject Value="True"/>
        <UnitName Value="cDBFBFunction"/>
      </Unit16>
      <Unit17>
        <Filename Value="deps/package_deps.pas"/>
        <IsPartOfProject Value="True"/>
      </Unit17>
      <Unit18>
        <Filename Value="deps/fb_func_deps.pas"/>
        <IsPartOfProject Value="True"/>
      </Unit18>
      <Unit19>
        <Filename Value="deps/udf_deps.pas"/>
        <IsPartOfProject Value="True"/>
      </Unit19>
      <Unit20>
        <Filename Value="deps/udr_func_deps.pas"/>
        <IsPartOfProject Value="True"/>
      </Unit20>
      <Unit21>
        <Filename Value="deps/udr_proc_deps.pas"/>
        <IsPartOfProject Value="True"/>
      </Unit21>
      <Unit22>
        <Filename Value="deps/domain_deps.pas"/>
        <IsPartOfProject Value="True"/>
      </Unit22>
      <Unit23>
        <Filename Value="deps/role_deps.pas"/>
        <IsPartOfProject Value="True"/>
      </Unit23>
      <Unit24>
        <Filename Value="deps/exception_deps.pas"/>
        <IsPartOfProject Value="True"/>
      </Unit24>
      <Unit25>
        <Filename Value="deps/user_deps.pas"/>
        <IsPartOfProject Value="True"/>
      </Unit25>
      <Unit26>
        <Filename Value="common/fbcommon.pas"/>
        <IsPartOfProject Value="True"/>
      </Unit26>
      <Unit27>
        <Filename Value="ui/edittabledata/fedittabledata.pas"/>
        <IsPartOfProject Value="True"/>
        <ComponentName Value="fmEditTable"/>
        <HasResources Value="True"/>
        <ResourceBaseClass Value="Form"/>
      </Unit27>
      <Unit28>
        <Filename Value="ui/about/about.pas"/>
        <IsPartOfProject Value="True"/>
        <ComponentName Value="fmAbout"/>
        <HasResources Value="True"/>
        <ResourceBaseClass Value="Form"/>
      </Unit28>
      <Unit29>
        <Filename Value="ui/newtable/newtable.pas"/>
        <IsPartOfProject Value="True"/>
        <ComponentName Value="fmNewTable"/>
        <HasResources Value="True"/>
        <ResourceBaseClass Value="Form"/>
      </Unit29>
      <Unit30>
        <Filename Value="ui/tablemanage/tablemanage.pas"/>
        <IsPartOfProject Value="True"/>
        <ComponentName Value="fmTableManage"/>
        <HasResources Value="True"/>
        <ResourceBaseClass Value="Form"/>
        <UnitName Value="TableManage"/>
      </Unit30>
      <Unit31>
        <Filename Value="ui/copytable/copytable.pas"/>
        <IsPartOfProject Value="True"/>
        <ComponentName Value="fmCopyTable"/>
        <HasResources Value="True"/>
        <ResourceBaseClass Value="Form"/>
        <UnitName Value="CopyTable"/>
      </Unit31>
      <Unit32>
        <Filename Value="ui/importtable/importtable.pas"/>
        <IsPartOfProject Value="True"/>
        <ComponentName Value="fmImportTable"/>
        <HasResources Value="True"/>
        <ResourceBaseClass Value="Form"/>
      </Unit32>
      <Unit33>
        <Filename Value="ui/main/main.pas"/>
        <IsPartOfProject Value="True"/>
        <ComponentName Value="fmMain"/>
        <HasResources Value="True"/>
        <ResourceBaseClass Value="Form"/>
      </Unit33>
      <Unit34>
        <Filename Value="ui/createdb/createdb.pas"/>
        <IsPartOfProject Value="True"/>
        <ComponentName Value="fmCreateDB"/>
        <HasResources Value="True"/>
        <ResourceBaseClass Value="Form"/>
        <UnitName Value="CreateDb"/>
      </Unit34>
      <Unit35>
        <Filename Value="ui/registerdb/reg.pas"/>
        <IsPartOfProject Value="True"/>
        <ComponentName Value="fmReg"/>
        <HasResources Value="True"/>
        <ResourceBaseClass Value="Form"/>
        <UnitName Value="Reg"/>
      </Unit35>
      <Unit36>
        <Filename Value="ui/querywindow/querywindow.pas"/>
        <IsPartOfProject Value="True"/>
        <ComponentName Value="fmQueryWindow"/>
        <HasResources Value="True"/>
        <ResourceBaseClass Value="Form"/>
        <UnitName Value="QueryWindow"/>
      </Unit36>
      <Unit37>
        <Filename Value="ui/viewview/viewview.pas"/>
        <IsPartOfProject Value="True"/>
        <ComponentName Value="fmViewView"/>
        <HasResources Value="True"/>
        <ResourceBaseClass Value="Form"/>
      </Unit37>
      <Unit38>
        <Filename Value="ui/viewtrigger/viewtrigger.pas"/>
        <IsPartOfProject Value="True"/>
        <ComponentName Value="fmViewTrigger"/>
        <HasResources Value="True"/>
        <ResourceBaseClass Value="Form"/>
      </Unit38>
      <Unit39>
        <Filename Value="ui/viewstoredprocedure/viewsproc.pas"/>
        <IsPartOfProject Value="True"/>
        <ComponentName Value="fmViewSProc"/>
        <HasResources Value="True"/>
        <ResourceBaseClass Value="Form"/>
      </Unit39>
      <Unit40>
        <Filename Value="ui/viewgenerator/viewgen.pas"/>
        <IsPartOfProject Value="True"/>
        <ComponentName Value="fmViewGen"/>
        <HasResources Value="True"/>
        <ResourceBaseClass Value="Form"/>
      </Unit40>
      <Unit41>
        <Filename Value="ui/newgenerator/newgen.pas"/>
        <IsPartOfProject Value="True"/>
        <ComponentName Value="fmNewGen"/>
        <HasResources Value="True"/>
        <ResourceBaseClass Value="Form"/>
      </Unit41>
      <Unit42>
        <Filename Value="ui/enterpassword/enterpass.pas"/>
        <IsPartOfProject Value="True"/>
        <ComponentName Value="fmEnterPass"/>
        <HasResources Value="True"/>
        <ResourceBaseClass Value="Form"/>
        <UnitName Value="EnterPass"/>
      </Unit42>
      <Unit43>
        <Filename Value="ui/createtrigger/createtrigger.pas"/>
        <IsPartOfProject Value="True"/>
        <ComponentName Value="fmCreateTrigger"/>
        <HasResources Value="True"/>
        <ResourceBaseClass Value="Form"/>
        <UnitName Value="CreateTrigger"/>
      </Unit43>
      <Unit44>
        <Filename Value="ui/callprocedure/callproc.pas"/>
        <IsPartOfProject Value="True"/>
        <ComponentName Value="fmCallProc"/>
        <HasResources Value="True"/>
        <ResourceBaseClass Value="Form"/>
        <UnitName Value="CallProc"/>
      </Unit44>
      <Unit45>
        <Filename Value="ui/udfinfo/udfinfo.pas"/>
        <IsPartOfProject Value="True"/>
        <ComponentName Value="fmUDFInfo"/>
        <HasResources Value="True"/>
        <ResourceBaseClass Value="Form"/>
        <UnitName Value="UDFInfo"/>
      </Unit45>
      <Unit46>
        <Filename Value="ui/viewdomain/viewdomain.pas"/>
        <IsPartOfProject Value="True"/>
        <ComponentName Value="fmViewDomain"/>
        <HasResources Value="True"/>
        <ResourceBaseClass Value="Form"/>
      </Unit46>
      <Unit47>
        <Filename Value="ui/newdomain/newdomain.pas"/>
        <IsPartOfProject Value="True"/>
        <ComponentName Value="fmNewDomain"/>
        <HasResources Value="True"/>
        <ResourceBaseClass Value="Form"/>
      </Unit47>
      <Unit48>
        <Filename Value="common/turbocommon.pas"/>
        <IsPartOfProject Value="True"/>
      </Unit48>
      <Unit49>
        <Filename Value="libs/topologicalsort.pas"/>
        <IsPartOfProject Value="True"/>
      </Unit49>
      <Unit50>
        <Filename Value="ui/newconstraint/newconstraint.pas"/>
        <IsPartOfProject Value="True"/>
        <ComponentName Value="fmNewConstraint"/>
        <HasResources Value="True"/>
        <ResourceBaseClass Value="Form"/>
      </Unit50>
      <Unit51>
        <Filename Value="ui/neweditfield/neweditfield.pas"/>
        <IsPartOfProject Value="True"/>
        <ComponentName Value="fmNewEditField"/>
        <HasResources Value="True"/>
        <ResourceBaseClass Value="Form"/>
        <UnitName Value="NewEditField"/>
      </Unit51>
      <Unit52>
        <Filename Value="ui/calender/calen.pas"/>
        <IsPartOfProject Value="True"/>
        <ComponentName Value="fmCalen"/>
        <HasResources Value="True"/>
        <ResourceBaseClass Value="Form"/>
      </Unit52>
      <Unit53>
        <Filename Value="ui/userpermissions/userpermissions.pas"/>
        <IsPartOfProject Value="True"/>
        <ComponentName Value="fmUserPermissions"/>
        <HasResources Value="True"/>
        <ResourceBaseClass Value="Form"/>
        <UnitName Value="UserPermissions"/>
      </Unit53>
      <Unit54>
        <Filename Value="ui/permissionmanage/permissionmanage.pas"/>
        <IsPartOfProject Value="True"/>
        <ComponentName Value="fmPermissionManage"/>
        <HasResources Value="True"/>
        <ResourceBaseClass Value="Form"/>
        <UnitName Value="PermissionManage"/>
      </Unit54>
      <Unit55>
        <Filename Value="ui/sqlhistory/sqlhistory.pas"/>
        <IsPartOfProject Value="True"/>
        <ComponentName Value="fmSQLHistory"/>
        <HasResources Value="True"/>
        <ResourceBaseClass Value="Form"/>
        <UnitName Value="SQLHistory"/>
      </Unit55>
      <Unit56>
        <Filename Value="ui/backuprestore/backuprestore.pas"/>
        <IsPartOfProject Value="True"/>
        <ComponentName Value="fmBackupRestore"/>
        <HasResources Value="True"/>
        <ResourceBaseClass Value="Form"/>
        <UnitName Value="BackupRestore"/>
      </Unit56>
      <Unit57>
        <Filename Value="ui/createuser/createuser.pas"/>
        <IsPartOfProject Value="True"/>
        <ComponentName Value="fmCreateUser"/>
        <HasResources Value="True"/>
        <ResourceBaseClass Value="Form"/>
        <UnitName Value="CreateUser"/>
      </Unit57>
      <Unit58>
        <Filename Value="ui/changepassword/changepass.pas"/>
        <IsPartOfProject Value="True"/>
        <ComponentName Value="fmChangePass"/>
        <HasResources Value="True"/>
        <ResourceBaseClass Value="Form"/>
      </Unit58>
      <Unit59>
        <Filename Value="ui/dbinfo/dbinfo.pas"/>
        <IsPartOfProject Value="True"/>
        <ComponentName Value="fmDBInfo"/>
        <HasResources Value="True"/>
        <ResourceBaseClass Value="Form"/>
        <UnitName Value="dbInfo"/>
      </Unit59>
      <Unit60>
        <Filename Value="ui/comparison/comparison.pas"/>
        <IsPartOfProject Value="True"/>
        <ComponentName Value="fmComparison"/>
        <HasResources Value="True"/>
        <ResourceBaseClass Value="Form"/>
        <UnitName Value="Comparison"/>
      </Unit60>
      <Unit61>
        <Filename Value="utils/fileimport.pas"/>
        <IsPartOfProject Value="True"/>
      </Unit61>
      <Unit62>
        <Filename Value="utils/scriptdb.pas"/>
        <IsPartOfProject Value="True"/>
        <UnitName Value="Scriptdb"/>
      </Unit62>
      <Unit63>
        <Filename Value="utils/csvdocument.pas"/>
        <IsPartOfProject Value="True"/>
        <UnitName Value="CsvDocument"/>
      </Unit63>
      <Unit64>
        <Filename Value="utils/unitfirebirdservices.pas"/>
        <IsPartOfProject Value="True"/>
        <UnitName Value="UnitFirebirdServices"/>
      </Unit64>
      <Unit65>
        <Filename Value="ui/setfirebirdclient/fsetfbclient.pas"/>
        <IsPartOfProject Value="True"/>
        <ComponentName Value="frmSetFBClient"/>
        <HasResources Value="True"/>
        <ResourceBaseClass Value="Form"/>
        <UnitName Value="fSetFBClient"/>
      </Unit65>
      <Unit66>
        <Filename Value="ui/firebirdconfig/ffirebirdconfig.pas"/>
        <IsPartOfProject Value="True"/>
        <ComponentName Value="fmFirebirdConfig"/>
        <HasResources Value="True"/>
        <ResourceBaseClass Value="Form"/>
        <UnitName Value="fFirebirdConfig"/>
      </Unit66>
      <Unit67>
        <Filename Value="ui/updatechecker/updatechecker.pas"/>
        <IsPartOfProject Value="True"/>
        <ComponentName Value="frmUpdateChecker"/>
        <HasResources Value="True"/>
        <ResourceBaseClass Value="Form"/>
        <UnitName Value="UpdateChecker"/>
      </Unit67>
      <Unit68>
        <Filename Value="ui/executer/ftestfunction.pas"/>
        <IsPartOfProject Value="True"/>
        <ComponentName Value="frmTestFunction"/>
        <HasResources Value="True"/>
        <ResourceBaseClass Value="Form"/>
        <UnitName Value="fTestFunction"/>
      </Unit68>
      <Unit69>
        <Filename Value="datamodules/dmibx.pas"/>
        <IsPartOfProject Value="True"/>
        <ComponentName Value="DataModuleIBX"/>
        <HasResources Value="True"/>
        <ResourceBaseClass Value="DataModule"/>
      </Unit69>
      <Unit70>
        <Filename Value="datamodules/systables.pas"/>
        <IsPartOfProject Value="True"/>
        <ComponentName Value="dmSysTables"/>
        <HasResources Value="True"/>
        <ResourceBaseClass Value="DataModule"/>
        <UnitName Value="SysTables"/>
      </Unit70>
      <Unit71>
        <Filename Value="ui/openquerybuilder/QBEIBX.pas"/>
        <IsPartOfProject Value="True"/>
      </Unit71>
      <Unit72>
        <Filename Value="ui/openquerybuilder/QBuilder.pas"/>
        <IsPartOfProject Value="True"/>
        <ComponentName Value="OQBForm"/>
        <HasResources Value="True"/>
        <ResourceBaseClass Value="Form"/>
      </Unit72>
      <Unit73>
        <Filename Value="ui/openquerybuilder/QBDirFrm.pas"/>
        <IsPartOfProject Value="True"/>
        <ComponentName Value="OQBDirForm"/>
        <HasResources Value="True"/>
        <ResourceBaseClass Value="Form"/>
      </Unit73>
      <Unit74>
        <Filename Value="ui/openquerybuilder/QBLnkFrm.pas"/>
        <IsPartOfProject Value="True"/>
        <ComponentName Value="OQBLinkForm"/>
        <ResourceBaseClass Value="Form"/>
      </Unit74>
      <Unit75>
        <Filename Value="common/checkdbintegrity.pas"/>
        <IsPartOfProject Value="True"/>
        <UnitName Value="CheckDBIntegrity"/>
      </Unit75>
      <Unit76>
        <Filename Value="ui/CheckDBIntegrity/fcheckdbintegrity.pas"/>
        <IsPartOfProject Value="True"/>
        <ComponentName Value="fmCheckDBIntegrity"/>
        <HasResources Value="True"/>
        <ResourceBaseClass Value="Form"/>
        <UnitName Value="fCheckDBIntegrity"/>
      </Unit76>
      <Unit77>
        <Filename Value="utils/dbcharsetmigrator.pas"/>
        <IsPartOfProject Value="True"/>
        <UnitName Value="DBCharsetMigrator"/>
      </Unit77>
      <Unit78>
        <Filename Value="ui/sqlmonitor/fsqlmonitor.pas"/>
        <IsPartOfProject Value="True"/>
        <ComponentName Value="fmSQLMonitor"/>
        <HasResources Value="True"/>
        <ResourceBaseClass Value="Form"/>
      </Unit78>
      <Unit79>
        <Filename Value="utils/data_exporters/fdataexportersintrf.pas"/>
        <IsPartOfProject Value="True"/>
      </Unit79>
      <Unit80>
        <Filename Value="utils/data_exporters/fmarkdowntableexport.pas"/>
        <IsPartOfProject Value="True"/>
        <UnitName Value="fMarkDownTableExport"/>
      </Unit80>
      <Unit81>
        <Filename Value="utils/data_exporters/fhtmlexport.pas"/>
        <IsPartOfProject Value="True"/>
      </Unit81>
      <Unit82>
        <Filename Value="utils/data_exporters/fpcstdexporters.pas"/>
        <IsPartOfProject Value="True"/>
      </Unit82>
      <Unit83>
        <Filename Value="utils/ibarrayhelper.pas"/>
        <IsPartOfProject Value="True"/>
        <UnitName Value="IBArrayHelper"/>
      </Unit83>
      <Unit84>
        <Filename Value="tests/arraytests/uarrayformtest.pas"/>
        <IsPartOfProject Value="True"/>
        <ComponentName Value="frmArrayTest"/>
        <HasResources Value="True"/>
        <ResourceBaseClass Value="Form"/>
        <UnitName Value="uArrayFormTest"/>
      </Unit84>
    </Units>
  </ProjectOptions>
  <CompilerOptions>
    <Version Value="11"/>
    <Target>
      <Filename Value="../bin/${BuildMode}/TurboBird_${BuildMode}/TurboBird_${BuildMode}"/>
    </Target>
    <SearchPaths>
      <IncludeFiles Value="$(ProjOutDir)"/>
      <OtherUnitFiles Value="libs;getdeclarations;classes;deps;common;ui/about;ui/callprocedure;ui/copytable;ui/createdb;ui/createtrigger;ui/enterpassword;ui/importtable;ui/main;ui/newdomain;ui/newgenerator;ui/newtable;ui/querywindow;ui/registerdb;ui/systables;ui/tablemanage;ui/udfinfo;ui/viewdomain;ui/viewgenerator;ui/viewstoredprocedure;ui/viewtrigger;ui/viewview;ui/setfirebirdclient;ui/scriptdb;ui/sqlhistory;ui/update;ui/updatechecker;ui/userpermissions;ui/permissionmanage;ui/executer;ui/neweditfield;utils;ui/firebirdconfig;ui/calender;ui/backuprestore;ui/createuser;ui/changepassword;ui/dbinfo;ui/comparison;ui/newconstraint;ui/DBAdmin/dlg;datamodules;ui/openquerybuilder;ui/CheckDBIntegrity;ui/sqlmonitor;ui/edittabledata;utils/data_exporters;tests/arraytests"/>
      <UnitOutputDirectory Value="../bin/${BuildMode}/unitoutput"/>
    </SearchPaths>
    <Parsing>
      <SyntaxOptions>
        <IncludeAssertionCode Value="True"/>
      </SyntaxOptions>
    </Parsing>
    <CodeGeneration>
      <Checks>
        <IOChecks Value="True"/>
        <RangeChecks Value="True"/>
        <OverflowChecks Value="True"/>
        <StackChecks Value="True"/>
      </Checks>
      <TargetCPU Value="x86_64"/>
      <TargetOS Value="linux"/>
      <Optimizations>
        <OptimizationLevel Value="0"/>
      </Optimizations>
    </CodeGeneration>
    <Linking>
      <Debugging>
        <DebugInfoType Value="dsDwarf2Set"/>
        <UseHeaptrc Value="True"/>
      </Debugging>
    </Linking>
    <Other>
      <CustomOptions Value="-dDEBUG -O-1"/>
      <ExecuteBefore>
        <Command Value="./gen_versions_scripts.sh"/>
        <CompileReasons Compile="False" Run="False"/>
      </ExecuteBefore>
      <ExecuteAfter>
        <Command Value="./choose_target_script.sh $(TargetFile)"/>
        <CompileReasons Compile="False" Run="False"/>
      </ExecuteAfter>
    </Other>
  </CompilerOptions>
  <Debugging>
    <Exceptions Count="7">
      <Item1>
        <Name Value="EAbort"/>
      </Item1>
      <Item2>
        <Name Value="ECodetoolError"/>
      </Item2>
      <Item3>
        <Name Value="EFOpenError"/>
      </Item3>
      <Item4>
        <Name Value="EProcess"/>
      </Item4>
      <Item5>
        <Name Value="EIBDatabaseError"/>
      </Item5>
      <Item6>
        <Name Value="ERangeError"/>
      </Item6>
      <Item7>
        <Name Value="RunError(201)"/>
      </Item7>
    </Exceptions>
  </Debugging>
</CONFIG>
